
Microsoft Visual Studio Solution File, Format Version 12.00
# Visual Studio 15
VisualStudioVersion = 15.0.27428.2037
MinimumVisualStudioVersion = 10.0.40219.1
Project("{FAE04EC0-301F-11D3-BF4B-00C04F79EFBC}") = "OOMHandling", "OOMHandling\OOMHandling.csproj", "{4D500457-5466-4513-BA94-ACF8B7688145}"
EndProject
Project("{FAE04EC0-301F-11D3-BF4B-00C04F79EFBC}") = "StackCommit", "StackCommit\StackCommit.csproj", "{73F50AB4-8967-42B1-89F1-C2F008C5F6D7}"
EndProject
Project("{FAE04EC0-301F-11D3-BF4B-00C04F79EFBC}") = "Utilities", "Utilities\Utilities.csproj", "{4692F22A-F98D-4717-A500-EDB60B2C331F}"
EndProject
Project("{FAE04EC0-301F-11D3-BF4B-00C04F79EFBC}") = "AVHandling", "AVHandling\AVHandling.csproj", "{940997F8-AAD8-46C5-B331-8D18A05FF07F}"
EndProject
Project("{FAE04EC0-301F-11D3-BF4B-00C04F79EFBC}") = "Wrapped", "Wrapped\Wrapped.csproj", "{980FE29F-F611-4884-8D31-6C6EA4567C51}"
EndProject
Project("{FAE04EC0-301F-11D3-BF4B-00C04F79EFBC}") = "OtherDomainSO", "OtherDomainSO\OtherDomainSO.csproj", "{6B691992-F019-4885-9BB4-ADC3B33129A3}"
EndProject
Project("{FAE04EC0-301F-11D3-BF4B-00C04F79EFBC}") = "SOHandling", "SOHandling\SOHandling.csproj", "{C2FB5F64-1ACA-476E-A7D7-71A1B2CD168C}"
EndProject
Project("{FAE04EC0-301F-11D3-BF4B-00C04F79EFBC}") = "BlockingTA", "BlockingTA\BlockingTA.csproj", "{23C528BD-BCF0-4530-AD73-ED1E34E5E4E7}"
EndProject
Project("{FAE04EC0-301F-11D3-BF4B-00C04F79EFBC}") = "Serialization", "Serialization\Serialization.csproj", "{4C3D19BA-CC62-4EC3-9375-4D3F28DBF5D7}"
EndProject
Project("{FAE04EC0-301F-11D3-BF4B-00C04F79EFBC}") = "SufficientStack", "SufficientStack\SufficientStack.csproj", "{88F8BC22-E69F-4E7F-BF2A-13C02E51F0F1}"
EndProject
Project("{8BC9CEB8-8B4A-11D0-8D11-00A0C91BC942}") = "ClrHost", "ClrHost\ClrHost.vcxproj", "{69535783-9A6A-49DF-B8E2-DEB11B12156E}"
EndProject
Project("{FAE04EC0-301F-11D3-BF4B-00C04F79EFBC}") = "ClrHost.Net", "ClrHost.Net\ClrHost.Net.csproj", "{92BCC7B2-39AA-4486-BE72-A4E16834F813}"
EndProject
Project("{2150E333-8FDC-42A3-9474-1A3956D46DE8}") = "ClrHost", "ClrHost", "{A80FC49D-6886-4D09-99B5-E5B8748C1E53}"
EndProject
Project("{FAE04EC0-301F-11D3-BF4B-00C04F79EFBC}") = "SufficientStackCore", "SufficientStackCore\SufficientStackCore.csproj", "{0C033762-B3EC-4185-A6F9-E406EB3840CA}"
EndProject
Global
	GlobalSection(SolutionConfigurationPlatforms) = preSolution
		Debug|Any CPU = Debug|Any CPU
		Debug|x64 = Debug|x64
		Release|Any CPU = Release|Any CPU
		Release|x64 = Release|x64
	EndGlobalSection
	GlobalSection(ProjectConfigurationPlatforms) = postSolution
		{4D500457-5466-4513-BA94-ACF8B7688145}.Debug|Any CPU.ActiveCfg = Debug|Any CPU
		{4D500457-5466-4513-BA94-ACF8B7688145}.Debug|Any CPU.Build.0 = Debug|Any CPU
		{4D500457-5466-4513-BA94-ACF8B7688145}.Debug|x64.ActiveCfg = Debug|Any CPU
		{4D500457-5466-4513-BA94-ACF8B7688145}.Debug|x64.Build.0 = Debug|Any CPU
		{4D500457-5466-4513-BA94-ACF8B7688145}.Release|Any CPU.ActiveCfg = Release|Any CPU
		{4D500457-5466-4513-BA94-ACF8B7688145}.Release|Any CPU.Build.0 = Release|Any CPU
		{4D500457-5466-4513-BA94-ACF8B7688145}.Release|x64.ActiveCfg = Release|Any CPU
		{4D500457-5466-4513-BA94-ACF8B7688145}.Release|x64.Build.0 = Release|Any CPU
		{73F50AB4-8967-42B1-89F1-C2F008C5F6D7}.Debug|Any CPU.ActiveCfg = Debug|Any CPU
		{73F50AB4-8967-42B1-89F1-C2F008C5F6D7}.Debug|Any CPU.Build.0 = Debug|Any CPU
		{73F50AB4-8967-42B1-89F1-C2F008C5F6D7}.Debug|x64.ActiveCfg = Debug|Any CPU
		{73F50AB4-8967-42B1-89F1-C2F008C5F6D7}.Debug|x64.Build.0 = Debug|Any CPU
		{73F50AB4-8967-42B1-89F1-C2F008C5F6D7}.Release|Any CPU.ActiveCfg = Release|Any CPU
		{73F50AB4-8967-42B1-89F1-C2F008C5F6D7}.Release|Any CPU.Build.0 = Release|Any CPU
		{73F50AB4-8967-42B1-89F1-C2F008C5F6D7}.Release|x64.ActiveCfg = Release|Any CPU
		{73F50AB4-8967-42B1-89F1-C2F008C5F6D7}.Release|x64.Build.0 = Release|Any CPU
		{4692F22A-F98D-4717-A500-EDB60B2C331F}.Debug|Any CPU.ActiveCfg = Debug|Any CPU
		{4692F22A-F98D-4717-A500-EDB60B2C331F}.Debug|Any CPU.Build.0 = Debug|Any CPU
		{4692F22A-F98D-4717-A500-EDB60B2C331F}.Debug|x64.ActiveCfg = Debug|Any CPU
		{4692F22A-F98D-4717-A500-EDB60B2C331F}.Debug|x64.Build.0 = Debug|Any CPU
		{4692F22A-F98D-4717-A500-EDB60B2C331F}.Release|Any CPU.ActiveCfg = Release|Any CPU
		{4692F22A-F98D-4717-A500-EDB60B2C331F}.Release|Any CPU.Build.0 = Release|Any CPU
		{4692F22A-F98D-4717-A500-EDB60B2C331F}.Release|x64.ActiveCfg = Release|Any CPU
		{4692F22A-F98D-4717-A500-EDB60B2C331F}.Release|x64.Build.0 = Release|Any CPU
		{940997F8-AAD8-46C5-B331-8D18A05FF07F}.Debug|Any CPU.ActiveCfg = Debug|Any CPU
		{940997F8-AAD8-46C5-B331-8D18A05FF07F}.Debug|Any CPU.Build.0 = Debug|Any CPU
		{940997F8-AAD8-46C5-B331-8D18A05FF07F}.Debug|x64.ActiveCfg = Debug|Any CPU
		{940997F8-AAD8-46C5-B331-8D18A05FF07F}.Debug|x64.Build.0 = Debug|Any CPU
		{940997F8-AAD8-46C5-B331-8D18A05FF07F}.Release|Any CPU.ActiveCfg = Release|Any CPU
		{940997F8-AAD8-46C5-B331-8D18A05FF07F}.Release|Any CPU.Build.0 = Release|Any CPU
		{940997F8-AAD8-46C5-B331-8D18A05FF07F}.Release|x64.ActiveCfg = Release|Any CPU
		{940997F8-AAD8-46C5-B331-8D18A05FF07F}.Release|x64.Build.0 = Release|Any CPU
		{980FE29F-F611-4884-8D31-6C6EA4567C51}.Debug|Any CPU.ActiveCfg = Debug|Any CPU
		{980FE29F-F611-4884-8D31-6C6EA4567C51}.Debug|Any CPU.Build.0 = Debug|Any CPU
		{980FE29F-F611-4884-8D31-6C6EA4567C51}.Debug|x64.ActiveCfg = Debug|Any CPU
		{980FE29F-F611-4884-8D31-6C6EA4567C51}.Debug|x64.Build.0 = Debug|Any CPU
		{980FE29F-F611-4884-8D31-6C6EA4567C51}.Release|Any CPU.ActiveCfg = Release|Any CPU
		{980FE29F-F611-4884-8D31-6C6EA4567C51}.Release|Any CPU.Build.0 = Release|Any CPU
		{980FE29F-F611-4884-8D31-6C6EA4567C51}.Release|x64.ActiveCfg = Release|Any CPU
		{980FE29F-F611-4884-8D31-6C6EA4567C51}.Release|x64.Build.0 = Release|Any CPU
		{6B691992-F019-4885-9BB4-ADC3B33129A3}.Debug|Any CPU.ActiveCfg = Debug|Any CPU
		{6B691992-F019-4885-9BB4-ADC3B33129A3}.Debug|Any CPU.Build.0 = Debug|Any CPU
		{6B691992-F019-4885-9BB4-ADC3B33129A3}.Debug|x64.ActiveCfg = Debug|Any CPU
		{6B691992-F019-4885-9BB4-ADC3B33129A3}.Debug|x64.Build.0 = Debug|Any CPU
		{6B691992-F019-4885-9BB4-ADC3B33129A3}.Release|Any CPU.ActiveCfg = Release|Any CPU
		{6B691992-F019-4885-9BB4-ADC3B33129A3}.Release|Any CPU.Build.0 = Release|Any CPU
		{6B691992-F019-4885-9BB4-ADC3B33129A3}.Release|x64.ActiveCfg = Release|Any CPU
		{6B691992-F019-4885-9BB4-ADC3B33129A3}.Release|x64.Build.0 = Release|Any CPU
		{C2FB5F64-1ACA-476E-A7D7-71A1B2CD168C}.Debug|Any CPU.ActiveCfg = Debug|Any CPU
		{C2FB5F64-1ACA-476E-A7D7-71A1B2CD168C}.Debug|Any CPU.Build.0 = Debug|Any CPU
		{C2FB5F64-1ACA-476E-A7D7-71A1B2CD168C}.Debug|x64.ActiveCfg = Debug|Any CPU
		{C2FB5F64-1ACA-476E-A7D7-71A1B2CD168C}.Debug|x64.Build.0 = Debug|Any CPU
		{C2FB5F64-1ACA-476E-A7D7-71A1B2CD168C}.Release|Any CPU.ActiveCfg = Release|Any CPU
		{C2FB5F64-1ACA-476E-A7D7-71A1B2CD168C}.Release|Any CPU.Build.0 = Release|Any CPU
		{C2FB5F64-1ACA-476E-A7D7-71A1B2CD168C}.Release|x64.ActiveCfg = Release|Any CPU
		{C2FB5F64-1ACA-476E-A7D7-71A1B2CD168C}.Release|x64.Build.0 = Release|Any CPU
		{23C528BD-BCF0-4530-AD73-ED1E34E5E4E7}.Debug|Any CPU.ActiveCfg = Debug|Any CPU
		{23C528BD-BCF0-4530-AD73-ED1E34E5E4E7}.Debug|Any CPU.Build.0 = Debug|Any CPU
		{23C528BD-BCF0-4530-AD73-ED1E34E5E4E7}.Debug|x64.ActiveCfg = Debug|Any CPU
		{23C528BD-BCF0-4530-AD73-ED1E34E5E4E7}.Debug|x64.Build.0 = Debug|Any CPU
		{23C528BD-BCF0-4530-AD73-ED1E34E5E4E7}.Release|Any CPU.ActiveCfg = Release|Any CPU
		{23C528BD-BCF0-4530-AD73-ED1E34E5E4E7}.Release|Any CPU.Build.0 = Release|Any CPU
		{23C528BD-BCF0-4530-AD73-ED1E34E5E4E7}.Release|x64.ActiveCfg = Release|Any CPU
		{23C528BD-BCF0-4530-AD73-ED1E34E5E4E7}.Release|x64.Build.0 = Release|Any CPU
		{4C3D19BA-CC62-4EC3-9375-4D3F28DBF5D7}.Debug|Any CPU.ActiveCfg = Debug|Any CPU
		{4C3D19BA-CC62-4EC3-9375-4D3F28DBF5D7}.Debug|Any CPU.Build.0 = Debug|Any CPU
		{4C3D19BA-CC62-4EC3-9375-4D3F28DBF5D7}.Debug|x64.ActiveCfg = Debug|Any CPU
		{4C3D19BA-CC62-4EC3-9375-4D3F28DBF5D7}.Debug|x64.Build.0 = Debug|Any CPU
		{4C3D19BA-CC62-4EC3-9375-4D3F28DBF5D7}.Release|Any CPU.ActiveCfg = Release|Any CPU
		{4C3D19BA-CC62-4EC3-9375-4D3F28DBF5D7}.Release|Any CPU.Build.0 = Release|Any CPU
		{4C3D19BA-CC62-4EC3-9375-4D3F28DBF5D7}.Release|x64.ActiveCfg = Release|Any CPU
		{4C3D19BA-CC62-4EC3-9375-4D3F28DBF5D7}.Release|x64.Build.0 = Release|Any CPU
		{88F8BC22-E69F-4E7F-BF2A-13C02E51F0F1}.Debug|Any CPU.ActiveCfg = Debug|Any CPU
		{88F8BC22-E69F-4E7F-BF2A-13C02E51F0F1}.Debug|Any CPU.Build.0 = Debug|Any CPU
		{88F8BC22-E69F-4E7F-BF2A-13C02E51F0F1}.Debug|x64.ActiveCfg = Debug|Any CPU
		{88F8BC22-E69F-4E7F-BF2A-13C02E51F0F1}.Debug|x64.Build.0 = Debug|Any CPU
		{88F8BC22-E69F-4E7F-BF2A-13C02E51F0F1}.Release|Any CPU.ActiveCfg = Release|Any CPU
		{88F8BC22-E69F-4E7F-BF2A-13C02E51F0F1}.Release|Any CPU.Build.0 = Release|Any CPU
		{88F8BC22-E69F-4E7F-BF2A-13C02E51F0F1}.Release|x64.ActiveCfg = Release|Any CPU
		{88F8BC22-E69F-4E7F-BF2A-13C02E51F0F1}.Release|x64.Build.0 = Release|Any CPU
		{69535783-9A6A-49DF-B8E2-DEB11B12156E}.Debug|Any CPU.ActiveCfg = Debug|x64
		{69535783-9A6A-49DF-B8E2-DEB11B12156E}.Debug|x64.ActiveCfg = Debug|x64
		{69535783-9A6A-49DF-B8E2-DEB11B12156E}.Debug|x64.Build.0 = Debug|x64
		{69535783-9A6A-49DF-B8E2-DEB11B12156E}.Release|Any CPU.ActiveCfg = Release|x64
		{69535783-9A6A-49DF-B8E2-DEB11B12156E}.Release|x64.ActiveCfg = Release|x64
		{69535783-9A6A-49DF-B8E2-DEB11B12156E}.Release|x64.Build.0 = Release|x64
		{92BCC7B2-39AA-4486-BE72-A4E16834F813}.Debug|Any CPU.ActiveCfg = Debug|Any CPU
		{92BCC7B2-39AA-4486-BE72-A4E16834F813}.Debug|Any CPU.Build.0 = Debug|Any CPU
		{92BCC7B2-39AA-4486-BE72-A4E16834F813}.Debug|x64.ActiveCfg = Debug|Any CPU
		{92BCC7B2-39AA-4486-BE72-A4E16834F813}.Debug|x64.Build.0 = Debug|Any CPU
		{92BCC7B2-39AA-4486-BE72-A4E16834F813}.Release|Any CPU.ActiveCfg = Release|Any CPU
		{92BCC7B2-39AA-4486-BE72-A4E16834F813}.Release|Any CPU.Build.0 = Release|Any CPU
		{92BCC7B2-39AA-4486-BE72-A4E16834F813}.Release|x64.ActiveCfg = Release|Any CPU
		{92BCC7B2-39AA-4486-BE72-A4E16834F813}.Release|x64.Build.0 = Release|Any CPU
		{0C033762-B3EC-4185-A6F9-E406EB3840CA}.Debug|Any CPU.ActiveCfg = Debug|Any CPU
		{0C033762-B3EC-4185-A6F9-E406EB3840CA}.Debug|Any CPU.Build.0 = Debug|Any CPU
		{0C033762-B3EC-4185-A6F9-E406EB3840CA}.Debug|x64.ActiveCfg = Debug|Any CPU
		{0C033762-B3EC-4185-A6F9-E406EB3840CA}.Debug|x64.Build.0 = Debug|Any CPU
		{0C033762-B3EC-4185-A6F9-E406EB3840CA}.Release|Any CPU.ActiveCfg = Release|Any CPU
		{0C033762-B3EC-4185-A6F9-E406EB3840CA}.Release|Any CPU.Build.0 = Release|Any CPU
		{0C033762-B3EC-4185-A6F9-E406EB3840CA}.Release|x64.ActiveCfg = Release|Any CPU
		{0C033762-B3EC-4185-A6F9-E406EB3840CA}.Release|x64.Build.0 = Release|Any CPU
	EndGlobalSection
	GlobalSection(SolutionProperties) = preSolution
		HideSolutionNode = FALSE
	EndGlobalSection
	GlobalSection(ExtensibilityGlobals) = postSolution
		SolutionGuid = {4609F6ED-8CC0-496C-AADF-6E085B39BC9A}
	EndGlobalSection
	GlobalSection(NestedProjects) = preSolution
		{69535783-9A6A-49DF-B8E2-DEB11B12156E} = {A80FC49D-6886-4D09-99B5-E5B8748C1E53}
		{92BCC7B2-39AA-4486-BE72-A4E16834F813} = {A80FC49D-6886-4D09-99B5-E5B8748C1E53}
		{6B691992-F019-4885-9BB4-ADC3B33129A3} = {A80FC49D-6886-4D09-99B5-E5B8748C1E53}
	EndGlobalSection
EndGlobal
